// !$*UTF8*$!
{
	archiveVersion = 1;
	classes = {
	};
	objectVersion = 50;
	objects = {

/* Begin PBXBuildFile section */
		B5251EC32487F5A800B5D001 /* AppDelegate.mm in Sources */ = {isa = PBXBuildFile; fileRef = B5251EC22487F5A800B5D001 /* AppDelegate.mm */; };
		B5251EC52487F5A900B5D001 /* Assets.xcassets in Resources */ = {isa = PBXBuildFile; fileRef = B5251EC42487F5A900B5D001 /* Assets.xcassets */; };
		B5251EC82487F5A900B5D001 /* MainMenu.xib in Resources */ = {isa = PBXBuildFile; fileRef = B5251EC62487F5A900B5D001 /* MainMenu.xib */; };
		B5251ECB2487F5A900B5D001 /* main.m in Sources */ = {isa = PBXBuildFile; fileRef = B5251ECA2487F5A900B5D001 /* main.m */; };
		B553AA48282685720085FE93 /* XView.m in Sources */ = {isa = PBXBuildFile; fileRef = B553AA35282685720085FE93 /* XView.m */; };
		B553AA49282685720085FE93 /* XWindowDelegate.m in Sources */ = {isa = PBXBuildFile; fileRef = B553AA37282685720085FE93 /* XWindowDelegate.m */; };
		B553AA4A282685720085FE93 /* Window__OSX.cpp in Sources */ = {isa = PBXBuildFile; fileRef = B553AA39282685720085FE93 /* Window__OSX.cpp */; };
		B553AA4B282685720085FE93 /* XWindow.m in Sources */ = {isa = PBXBuildFile; fileRef = B553AA3A282685720085FE93 /* XWindow.m */; };
		B553AA50282685720085FE93 /* Event.cpp in Sources */ = {isa = PBXBuildFile; fileRef = B553AA46282685720085FE93 /* Event.cpp */; };
		B553AA51282685720085FE93 /* Screens.cpp in Sources */ = {isa = PBXBuildFile; fileRef = B553AA47282685720085FE93 /* Screens.cpp */; };
		B574A49528286715009E997E /* Shaders in Resources */ = {isa = PBXBuildFile; fileRef = B574A49428286715009E997E /* Shaders */; };
		B59669F12825BE230090F0D5 /* ImageIO.framework in Frameworks */ = {isa = PBXBuildFile; fileRef = B59669F02825BE230090F0D5 /* ImageIO.framework */; };
		B5966A702828613D0090F0D5 /* TextTex.mm in Sources */ = {isa = PBXBuildFile; fileRef = B5966A142828613D0090F0D5 /* TextTex.mm */; };
		B5966A812828613E0090F0D5 /* ObjImport.cpp in Sources */ = {isa = PBXBuildFile; fileRef = B5966A332828613D0090F0D5 /* ObjImport.cpp */; };
		B5966A832828613E0090F0D5 /* ShaderStr.mm in Sources */ = {isa = PBXBuildFile; fileRef = B5966A352828613D0090F0D5 /* ShaderStr.mm */; };
		B5966A872828613E0090F0D5 /* GLProg.cpp in Sources */ = {isa = PBXBuildFile; fileRef = B5966A3F2828613D0090F0D5 /* GLProg.cpp */; };
		B5966A9F2828613E0090F0D5 /* TexImage.mm in Sources */ = {isa = PBXBuildFile; fileRef = B5966A5D2828613D0090F0D5 /* TexImage.mm */; };
		B5966AA02828613E0090F0D5 /* FilePaths_CPP.mm in Sources */ = {isa = PBXBuildFile; fileRef = B5966A602828613D0090F0D5 /* FilePaths_CPP.mm */; };
/* End PBXBuildFile section */

/* Begin PBXFileReference section */
		B51786A52846633700F6421F /* cube.hpp */ = {isa = PBXFileReference; fileEncoding = 4; lastKnownFileType = sourcecode.cpp.h; path = cube.hpp; sourceTree = "<group>"; };
		B51786A62846633700F6421F /* square-pyramid.hpp */ = {isa = PBXFileReference; fileEncoding = 4; lastKnownFileType = sourcecode.cpp.h; path = "square-pyramid.hpp"; sourceTree = "<group>"; };
		B51786A72846633700F6421F /* primitives.hpp */ = {isa = PBXFileReference; fileEncoding = 4; lastKnownFileType = sourcecode.cpp.h; path = primitives.hpp; sourceTree = "<group>"; };
		B51786A82846633700F6421F /* jewel.hpp */ = {isa = PBXFileReference; fileEncoding = 4; lastKnownFileType = sourcecode.cpp.h; path = jewel.hpp; sourceTree = "<group>"; };
		B51786A92846633700F6421F /* rectangle.hpp */ = {isa = PBXFileReference; fileEncoding = 4; lastKnownFileType = sourcecode.cpp.h; path = rectangle.hpp; sourceTree = "<group>"; };
		B51786AA2846633700F6421F /* triangles.hpp */ = {isa = PBXFileReference; fileEncoding = 4; lastKnownFileType = sourcecode.cpp.h; path = triangles.hpp; sourceTree = "<group>"; };
		B51786AB2846633700F6421F /* operators.hpp */ = {isa = PBXFileReference; fileEncoding = 4; lastKnownFileType = sourcecode.cpp.h; path = operators.hpp; sourceTree = "<group>"; };
		B5251EBE2487F5A800B5D001 /* GLStuffDev.app */ = {isa = PBXFileReference; explicitFileType = wrapper.application; includeInIndex = 0; path = GLStuffDev.app; sourceTree = BUILT_PRODUCTS_DIR; };
		B5251EC12487F5A800B5D001 /* AppDelegate.h */ = {isa = PBXFileReference; lastKnownFileType = sourcecode.c.h; path = AppDelegate.h; sourceTree = "<group>"; };
		B5251EC22487F5A800B5D001 /* AppDelegate.mm */ = {isa = PBXFileReference; explicitFileType = sourcecode.cpp.objcpp; path = AppDelegate.mm; sourceTree = "<group>"; };
		B5251EC42487F5A900B5D001 /* Assets.xcassets */ = {isa = PBXFileReference; lastKnownFileType = folder.assetcatalog; path = Assets.xcassets; sourceTree = "<group>"; };
		B5251EC72487F5A900B5D001 /* Base */ = {isa = PBXFileReference; lastKnownFileType = file.xib; name = Base; path = Base.lproj/MainMenu.xib; sourceTree = "<group>"; };
		B5251EC92487F5A900B5D001 /* Info.plist */ = {isa = PBXFileReference; lastKnownFileType = text.plist.xml; path = Info.plist; sourceTree = "<group>"; };
		B5251ECA2487F5A900B5D001 /* main.m */ = {isa = PBXFileReference; lastKnownFileType = sourcecode.c.objc; path = main.m; sourceTree = "<group>"; };
		B5251ECC2487F5A900B5D001 /* GLStuffDev.entitlements */ = {isa = PBXFileReference; lastKnownFileType = text.plist.entitlements; path = GLStuffDev.entitlements; sourceTree = "<group>"; };
		B553AA34282685720085FE93 /* XWindowDelegate.h */ = {isa = PBXFileReference; fileEncoding = 4; lastKnownFileType = sourcecode.c.h; path = XWindowDelegate.h; sourceTree = "<group>"; };
		B553AA35282685720085FE93 /* XView.m */ = {isa = PBXFileReference; explicitFileType = sourcecode.cpp.objcpp; fileEncoding = 4; path = XView.m; sourceTree = "<group>"; };
		B553AA36282685720085FE93 /* XWindow.h */ = {isa = PBXFileReference; fileEncoding = 4; lastKnownFileType = sourcecode.c.h; path = XWindow.h; sourceTree = "<group>"; };
		B553AA37282685720085FE93 /* XWindowDelegate.m */ = {isa = PBXFileReference; explicitFileType = sourcecode.cpp.objcpp; fileEncoding = 4; path = XWindowDelegate.m; sourceTree = "<group>"; };
		B553AA38282685720085FE93 /* XView.h */ = {isa = PBXFileReference; fileEncoding = 4; lastKnownFileType = sourcecode.c.h; path = XView.h; sourceTree = "<group>"; };
		B553AA39282685720085FE93 /* Window__OSX.cpp */ = {isa = PBXFileReference; explicitFileType = sourcecode.cpp.objcpp; fileEncoding = 4; path = Window__OSX.cpp; sourceTree = "<group>"; };
		B553AA3A282685720085FE93 /* XWindow.m */ = {isa = PBXFileReference; explicitFileType = sourcecode.cpp.objcpp; fileEncoding = 4; path = XWindow.m; sourceTree = "<group>"; };
		B553AA3B282685720085FE93 /* W.h */ = {isa = PBXFileReference; fileEncoding = 4; lastKnownFileType = sourcecode.c.h; path = W.h; sourceTree = "<group>"; };
		B553AA3C282685720085FE93 /* Event.h */ = {isa = PBXFileReference; fileEncoding = 4; lastKnownFileType = sourcecode.c.h; path = Event.h; sourceTree = "<group>"; };
		B553AA3D282685720085FE93 /* Screens.h */ = {isa = PBXFileReference; fileEncoding = 4; lastKnownFileType = sourcecode.c.h; path = Screens.h; sourceTree = "<group>"; };
		B553AA41282685720085FE93 /* WInt_PlatformIdentification.h */ = {isa = PBXFileReference; fileEncoding = 4; lastKnownFileType = sourcecode.c.h; path = WInt_PlatformIdentification.h; sourceTree = "<group>"; };
		B553AA42282685720085FE93 /* Window.h */ = {isa = PBXFileReference; fileEncoding = 4; lastKnownFileType = sourcecode.c.h; path = Window.h; sourceTree = "<group>"; };
		B553AA45282685720085FE93 /* Multisampling.h */ = {isa = PBXFileReference; fileEncoding = 4; lastKnownFileType = sourcecode.c.h; path = Multisampling.h; sourceTree = "<group>"; };
		B553AA46282685720085FE93 /* Event.cpp */ = {isa = PBXFileReference; explicitFileType = sourcecode.cpp.objcpp; fileEncoding = 4; path = Event.cpp; sourceTree = "<group>"; };
		B553AA47282685720085FE93 /* Screens.cpp */ = {isa = PBXFileReference; explicitFileType = sourcecode.cpp.objcpp; fileEncoding = 4; path = Screens.cpp; sourceTree = "<group>"; };
		B574A49428286715009E997E /* Shaders */ = {isa = PBXFileReference; lastKnownFileType = folder; path = Shaders; sourceTree = "<group>"; };
		B59669EE2825BD8C0090F0D5 /* CoreGraphics.framework */ = {isa = PBXFileReference; lastKnownFileType = wrapper.framework; name = CoreGraphics.framework; path = System/Library/Frameworks/CoreGraphics.framework; sourceTree = SDKROOT; };
		B59669F02825BE230090F0D5 /* ImageIO.framework */ = {isa = PBXFileReference; lastKnownFileType = wrapper.framework; name = ImageIO.framework; path = System/Library/Frameworks/ImageIO.framework; sourceTree = SDKROOT; };
		B59669F72828613D0090F0D5 /* FilePaths_ObjC.hpp */ = {isa = PBXFileReference; fileEncoding = 4; lastKnownFileType = sourcecode.cpp.h; path = FilePaths_ObjC.hpp; sourceTree = "<group>"; };
		B59669F92828613D0090F0D5 /* Renderer_PixelCol.hpp */ = {isa = PBXFileReference; fileEncoding = 4; lastKnownFileType = sourcecode.cpp.h; path = Renderer_PixelCol.hpp; sourceTree = "<group>"; };
		B59669FA2828613D0090F0D5 /* Renderer_3D_1L_UniformCol_Instanced.hpp */ = {isa = PBXFileReference; fileEncoding = 4; lastKnownFileType = sourcecode.cpp.h; path = Renderer_3D_1L_UniformCol_Instanced.hpp; sourceTree = "<group>"; };
		B59669FB2828613D0090F0D5 /* Renderer_Text.hpp */ = {isa = PBXFileReference; fileEncoding = 4; lastKnownFileType = sourcecode.cpp.h; path = Renderer_Text.hpp; sourceTree = "<group>"; };
		B5966A002828613D0090F0D5 /* Renderer_PixelPerfect.hpp */ = {isa = PBXFileReference; fileEncoding = 4; lastKnownFileType = sourcecode.cpp.h; path = Renderer_PixelPerfect.hpp; sourceTree = "<group>"; };
		B5966A022828613D0090F0D5 /* Renderer_3D_1L_ReflectionMapped.hpp */ = {isa = PBXFileReference; fileEncoding = 4; lastKnownFileType = sourcecode.cpp.h; path = Renderer_3D_1L_ReflectionMapped.hpp; sourceTree = "<group>"; };
		B5966A032828613D0090F0D5 /* Renderer_3D_1L_UniformCol.hpp */ = {isa = PBXFileReference; fileEncoding = 4; lastKnownFileType = sourcecode.cpp.h; path = Renderer_3D_1L_UniformCol.hpp; sourceTree = "<group>"; };
		B5966A052828613D0090F0D5 /* Renderer_3D_1L_ColourIndexed.hpp */ = {isa = PBXFileReference; fileEncoding = 4; lastKnownFileType = sourcecode.cpp.h; path = Renderer_3D_1L_ColourIndexed.hpp; sourceTree = "<group>"; };
		B5966A062828613D0090F0D5 /* Renderer_3D_1L_Textured.hpp */ = {isa = PBXFileReference; fileEncoding = 4; lastKnownFileType = sourcecode.cpp.h; path = Renderer_3D_1L_Textured.hpp; sourceTree = "<group>"; };
		B5966A072828613D0090F0D5 /* Renderer_3D_1L_Textured_Instanced.hpp */ = {isa = PBXFileReference; fileEncoding = 4; lastKnownFileType = sourcecode.cpp.h; path = Renderer_3D_1L_Textured_Instanced.hpp; sourceTree = "<group>"; };
		B5966A082828613D0090F0D5 /* Renderer_2D_ColourIndexed.hpp */ = {isa = PBXFileReference; fileEncoding = 4; lastKnownFileType = sourcecode.cpp.h; path = Renderer_2D_ColourIndexed.hpp; sourceTree = "<group>"; };
		B5966A0C2828613D0090F0D5 /* Renderer_3D_1L_ColourIndexed_Instanced.hpp */ = {isa = PBXFileReference; fileEncoding = 4; lastKnownFileType = sourcecode.cpp.h; path = Renderer_3D_1L_ColourIndexed_Instanced.hpp; sourceTree = "<group>"; };
		B5966A122828613D0090F0D5 /* Renderer_2D_Textured.hpp */ = {isa = PBXFileReference; fileEncoding = 4; lastKnownFileType = sourcecode.cpp.h; path = Renderer_2D_Textured.hpp; sourceTree = "<group>"; };
		B5966A132828613D0090F0D5 /* Renderer_LinearGradient.hpp */ = {isa = PBXFileReference; fileEncoding = 4; lastKnownFileType = sourcecode.cpp.h; path = Renderer_LinearGradient.hpp; sourceTree = "<group>"; };
		B5966A142828613D0090F0D5 /* TextTex.mm */ = {isa = PBXFileReference; fileEncoding = 4; lastKnownFileType = sourcecode.cpp.objcpp; path = TextTex.mm; sourceTree = "<group>"; };
		B5966A332828613D0090F0D5 /* ObjImport.cpp */ = {isa = PBXFileReference; fileEncoding = 4; lastKnownFileType = sourcecode.cpp.cpp; path = ObjImport.cpp; sourceTree = "<group>"; };
		B5966A352828613D0090F0D5 /* ShaderStr.mm */ = {isa = PBXFileReference; fileEncoding = 4; lastKnownFileType = sourcecode.cpp.objcpp; path = ShaderStr.mm; sourceTree = "<group>"; };
		B5966A362828613D0090F0D5 /* GLProg.hpp */ = {isa = PBXFileReference; fileEncoding = 4; lastKnownFileType = sourcecode.cpp.h; path = GLProg.hpp; sourceTree = "<group>"; };
		B5966A372828613D0090F0D5 /* glm_include.hpp */ = {isa = PBXFileReference; fileEncoding = 4; lastKnownFileType = sourcecode.cpp.h; path = glm_include.hpp; sourceTree = "<group>"; };
		B5966A382828613D0090F0D5 /* DataToImage.hpp */ = {isa = PBXFileReference; fileEncoding = 4; lastKnownFileType = sourcecode.cpp.h; path = DataToImage.hpp; sourceTree = "<group>"; };
		B5966A3E2828613D0090F0D5 /* Lights.hpp */ = {isa = PBXFileReference; fileEncoding = 4; lastKnownFileType = sourcecode.cpp.h; path = Lights.hpp; sourceTree = "<group>"; };
		B5966A3F2828613D0090F0D5 /* GLProg.cpp */ = {isa = PBXFileReference; fileEncoding = 4; lastKnownFileType = sourcecode.cpp.cpp; path = GLProg.cpp; sourceTree = "<group>"; };
		B5966A402828613D0090F0D5 /* ShaderStr.hpp */ = {isa = PBXFileReference; fileEncoding = 4; lastKnownFileType = sourcecode.cpp.h; path = ShaderStr.hpp; sourceTree = "<group>"; };
		B5966A432828613D0090F0D5 /* RenderTarget.hpp */ = {isa = PBXFileReference; fileEncoding = 4; lastKnownFileType = sourcecode.cpp.h; path = RenderTarget.hpp; sourceTree = "<group>"; };
		B5966A442828613D0090F0D5 /* GLHelpers.hpp */ = {isa = PBXFileReference; fileEncoding = 4; lastKnownFileType = sourcecode.cpp.h; path = GLHelpers.hpp; sourceTree = "<group>"; };
		B5966A5B2828613D0090F0D5 /* TexImage.hpp */ = {isa = PBXFileReference; fileEncoding = 4; lastKnownFileType = sourcecode.cpp.h; path = TexImage.hpp; sourceTree = "<group>"; };
		B5966A5C2828613D0090F0D5 /* ObjImport.hpp */ = {isa = PBXFileReference; fileEncoding = 4; lastKnownFileType = sourcecode.cpp.h; path = ObjImport.hpp; sourceTree = "<group>"; };
		B5966A5D2828613D0090F0D5 /* TexImage.mm */ = {isa = PBXFileReference; fileEncoding = 4; lastKnownFileType = sourcecode.cpp.objcpp; path = TexImage.mm; sourceTree = "<group>"; };
		B5966A5E2828613D0090F0D5 /* TextTex.hpp */ = {isa = PBXFileReference; fileEncoding = 4; lastKnownFileType = sourcecode.cpp.h; path = TextTex.hpp; sourceTree = "<group>"; };
		B5966A5F2828613D0090F0D5 /* FilePaths_CPP.hpp */ = {isa = PBXFileReference; fileEncoding = 4; lastKnownFileType = sourcecode.cpp.h; path = FilePaths_CPP.hpp; sourceTree = "<group>"; };
		B5966A602828613D0090F0D5 /* FilePaths_CPP.mm */ = {isa = PBXFileReference; fileEncoding = 4; lastKnownFileType = sourcecode.cpp.objcpp; path = FilePaths_CPP.mm; sourceTree = "<group>"; };
		B5966A612828613D0090F0D5 /* vectors.hpp */ = {isa = PBXFileReference; fileEncoding = 4; lastKnownFileType = sourcecode.cpp.h; path = vectors.hpp; sourceTree = "<group>"; };
		B5966A622828613D0090F0D5 /* Camera.hpp */ = {isa = PBXFileReference; fileEncoding = 4; lastKnownFileType = sourcecode.cpp.h; path = Camera.hpp; sourceTree = "<group>"; };
/* End PBXFileReference section */

/* Begin PBXFrameworksBuildPhase section */
		B5251EBB2487F5A800B5D001 /* Frameworks */ = {
			isa = PBXFrameworksBuildPhase;
			buildActionMask = 2147483647;
			files = (
				B59669F12825BE230090F0D5 /* ImageIO.framework in Frameworks */,
			);
			runOnlyForDeploymentPostprocessing = 0;
		};
/* End PBXFrameworksBuildPhase section */

/* Begin PBXGroup section */
		B51786A42846633700F6421F /* Primitives */ = {
			isa = PBXGroup;
			children = (
				B51786A52846633700F6421F /* cube.hpp */,
				B51786A62846633700F6421F /* square-pyramid.hpp */,
				B51786A72846633700F6421F /* primitives.hpp */,
				B51786A82846633700F6421F /* jewel.hpp */,
				B51786A92846633700F6421F /* rectangle.hpp */,
				B51786AA2846633700F6421F /* triangles.hpp */,
				B51786AB2846633700F6421F /* operators.hpp */,
			);
			path = Primitives;
			sourceTree = "<group>";
		};
		B5251EB52487F5A800B5D001 = {
			isa = PBXGroup;
			children = (
				B5251EC02487F5A800B5D001 /* GLStuffDev */,
				B5251EBF2487F5A800B5D001 /* Products */,
				B59669ED2825BD8C0090F0D5 /* Frameworks */,
			);
			sourceTree = "<group>";
		};
		B5251EBF2487F5A800B5D001 /* Products */ = {
			isa = PBXGroup;
			children = (
				B5251EBE2487F5A800B5D001 /* GLStuffDev.app */,
			);
			name = Products;
			sourceTree = "<group>";
		};
		B5251EC02487F5A800B5D001 /* GLStuffDev */ = {
			isa = PBXGroup;
			children = (
				B5251EC12487F5A800B5D001 /* AppDelegate.h */,
				B5251EC22487F5A800B5D001 /* AppDelegate.mm */,
				B5251EC42487F5A900B5D001 /* Assets.xcassets */,
				B5251EC62487F5A900B5D001 /* MainMenu.xib */,
				B5251F592487F79100B5D001 /* Dependencies */,
				B5251EC92487F5A900B5D001 /* Info.plist */,
				B5251ECA2487F5A900B5D001 /* main.m */,
				B5251ECC2487F5A900B5D001 /* GLStuffDev.entitlements */,
			);
			path = GLStuffDev;
			sourceTree = "<group>";
		};
		B5251F592487F79100B5D001 /* Dependencies */ = {
			isa = PBXGroup;
			children = (
				B553AA32282685720085FE93 /* OGLW */,
				B59669F62828613D0090F0D5 /* GLStuff */,
			);
			name = Dependencies;
			sourceTree = "<group>";
		};
		B553AA32282685720085FE93 /* OGLW */ = {
			isa = PBXGroup;
			children = (
				B553AA33282685720085FE93 /* OSX */,
				B553AA3B282685720085FE93 /* W.h */,
				B553AA3C282685720085FE93 /* Event.h */,
				B553AA3D282685720085FE93 /* Screens.h */,
				B553AA41282685720085FE93 /* WInt_PlatformIdentification.h */,
				B553AA42282685720085FE93 /* Window.h */,
				B553AA45282685720085FE93 /* Multisampling.h */,
				B553AA46282685720085FE93 /* Event.cpp */,
				B553AA47282685720085FE93 /* Screens.cpp */,
			);
			path = OGLW;
			sourceTree = "<group>";
		};
		B553AA33282685720085FE93 /* OSX */ = {
			isa = PBXGroup;
			children = (
				B553AA34282685720085FE93 /* XWindowDelegate.h */,
				B553AA35282685720085FE93 /* XView.m */,
				B553AA36282685720085FE93 /* XWindow.h */,
				B553AA37282685720085FE93 /* XWindowDelegate.m */,
				B553AA38282685720085FE93 /* XView.h */,
				B553AA39282685720085FE93 /* Window__OSX.cpp */,
				B553AA3A282685720085FE93 /* XWindow.m */,
			);
			path = OSX;
			sourceTree = "<group>";
		};
		B59669ED2825BD8C0090F0D5 /* Frameworks */ = {
			isa = PBXGroup;
			children = (
				B59669F02825BE230090F0D5 /* ImageIO.framework */,
				B59669EE2825BD8C0090F0D5 /* CoreGraphics.framework */,
			);
			name = Frameworks;
			sourceTree = "<group>";
		};
		B59669F62828613D0090F0D5 /* GLStuff */ = {
			isa = PBXGroup;
			children = (
				B51786A42846633700F6421F /* Primitives */,
				B5966A622828613D0090F0D5 /* Camera.hpp */,
				B5966A382828613D0090F0D5 /* DataToImage.hpp */,
				B5966A5F2828613D0090F0D5 /* FilePaths_CPP.hpp */,
				B5966A602828613D0090F0D5 /* FilePaths_CPP.mm */,
				B59669F72828613D0090F0D5 /* FilePaths_ObjC.hpp */,
				B5966A442828613D0090F0D5 /* GLHelpers.hpp */,
				B5966A372828613D0090F0D5 /* glm_include.hpp */,
				B5966A3F2828613D0090F0D5 /* GLProg.cpp */,
				B5966A362828613D0090F0D5 /* GLProg.hpp */,
				B5966A3E2828613D0090F0D5 /* Lights.hpp */,
				B5966A332828613D0090F0D5 /* ObjImport.cpp */,
				B5966A5C2828613D0090F0D5 /* ObjImport.hpp */,
				B59669F82828613D0090F0D5 /* Renderers */,
				B5966A432828613D0090F0D5 /* RenderTarget.hpp */,
				B574A49428286715009E997E /* Shaders */,
				B5966A402828613D0090F0D5 /* ShaderStr.hpp */,
				B5966A352828613D0090F0D5 /* ShaderStr.mm */,
				B5966A5B2828613D0090F0D5 /* TexImage.hpp */,
				B5966A5D2828613D0090F0D5 /* TexImage.mm */,
				B5966A5E2828613D0090F0D5 /* TextTex.hpp */,
				B5966A142828613D0090F0D5 /* TextTex.mm */,
				B5966A612828613D0090F0D5 /* vectors.hpp */,
			);
			name = GLStuff;
			path = ../..;
			sourceTree = "<group>";
		};
		B59669F82828613D0090F0D5 /* Renderers */ = {
			isa = PBXGroup;
			children = (
				B59669F92828613D0090F0D5 /* Renderer_PixelCol.hpp */,
				B59669FA2828613D0090F0D5 /* Renderer_3D_1L_UniformCol_Instanced.hpp */,
				B59669FB2828613D0090F0D5 /* Renderer_Text.hpp */,
				B5966A002828613D0090F0D5 /* Renderer_PixelPerfect.hpp */,
				B5966A022828613D0090F0D5 /* Renderer_3D_1L_ReflectionMapped.hpp */,
				B5966A032828613D0090F0D5 /* Renderer_3D_1L_UniformCol.hpp */,
				B5966A052828613D0090F0D5 /* Renderer_3D_1L_ColourIndexed.hpp */,
				B5966A062828613D0090F0D5 /* Renderer_3D_1L_Textured.hpp */,
				B5966A072828613D0090F0D5 /* Renderer_3D_1L_Textured_Instanced.hpp */,
				B5966A082828613D0090F0D5 /* Renderer_2D_ColourIndexed.hpp */,
				B5966A0C2828613D0090F0D5 /* Renderer_3D_1L_ColourIndexed_Instanced.hpp */,
				B5966A122828613D0090F0D5 /* Renderer_2D_Textured.hpp */,
				B5966A132828613D0090F0D5 /* Renderer_LinearGradient.hpp */,
			);
			path = Renderers;
			sourceTree = "<group>";
		};
/* End PBXGroup section */

/* Begin PBXNativeTarget section */
		B5251EBD2487F5A800B5D001 /* GLStuffDev */ = {
			isa = PBXNativeTarget;
			buildConfigurationList = B5251ECF2487F5A900B5D001 /* Build configuration list for PBXNativeTarget "GLStuffDev" */;
			buildPhases = (
				B5251EBA2487F5A800B5D001 /* Sources */,
				B5251EBB2487F5A800B5D001 /* Frameworks */,
				B5251EBC2487F5A800B5D001 /* Resources */,
			);
			buildRules = (
			);
			dependencies = (
			);
			name = GLStuffDev;
			productName = GLStuffDev;
			productReference = B5251EBE2487F5A800B5D001 /* GLStuffDev.app */;
			productType = "com.apple.product-type.application";
		};
/* End PBXNativeTarget section */

/* Begin PBXProject section */
		B5251EB62487F5A800B5D001 /* Project object */ = {
			isa = PBXProject;
			attributes = {
				LastUpgradeCheck = 1330;
				ORGANIZATIONNAME = Ben;
				TargetAttributes = {
					B5251EBD2487F5A800B5D001 = {
						CreatedOnToolsVersion = 11.3.1;
					};
				};
			};
			buildConfigurationList = B5251EB92487F5A800B5D001 /* Build configuration list for PBXProject "GLStuffDev" */;
			compatibilityVersion = "Xcode 9.3";
			developmentRegion = en;
			hasScannedForEncodings = 0;
			knownRegions = (
				en,
				Base,
			);
			mainGroup = B5251EB52487F5A800B5D001;
			productRefGroup = B5251EBF2487F5A800B5D001 /* Products */;
			projectDirPath = "";
			projectRoot = "";
			targets = (
				B5251EBD2487F5A800B5D001 /* GLStuffDev */,
			);
		};
/* End PBXProject section */

/* Begin PBXResourcesBuildPhase section */
		B5251EBC2487F5A800B5D001 /* Resources */ = {
			isa = PBXResourcesBuildPhase;
			buildActionMask = 2147483647;
			files = (
				B574A49528286715009E997E /* Shaders in Resources */,
				B5251EC52487F5A900B5D001 /* Assets.xcassets in Resources */,
				B5251EC82487F5A900B5D001 /* MainMenu.xib in Resources */,
			);
			runOnlyForDeploymentPostprocessing = 0;
		};
/* End PBXResourcesBuildPhase section */

/* Begin PBXSourcesBuildPhase section */
		B5251EBA2487F5A800B5D001 /* Sources */ = {
			isa = PBXSourcesBuildPhase;
			buildActionMask = 2147483647;
			files = (
				B5966A832828613E0090F0D5 /* ShaderStr.mm in Sources */,
				B553AA48282685720085FE93 /* XView.m in Sources */,
				B5966A9F2828613E0090F0D5 /* TexImage.mm in Sources */,
				B5251ECB2487F5A900B5D001 /* main.m in Sources */,
				B5966A872828613E0090F0D5 /* GLProg.cpp in Sources */,
				B553AA50282685720085FE93 /* Event.cpp in Sources */,
				B5966A812828613E0090F0D5 /* ObjImport.cpp in Sources */,
				B5966A702828613D0090F0D5 /* TextTex.mm in Sources */,
				B5251EC32487F5A800B5D001 /* AppDelegate.mm in Sources */,
				B553AA49282685720085FE93 /* XWindowDelegate.m in Sources */,
				B553AA51282685720085FE93 /* Screens.cpp in Sources */,
				B5966AA02828613E0090F0D5 /* FilePaths_CPP.mm in Sources */,
				B553AA4B282685720085FE93 /* XWindow.m in Sources */,
				B553AA4A282685720085FE93 /* Window__OSX.cpp in Sources */,
			);
			runOnlyForDeploymentPostprocessing = 0;
		};
/* End PBXSourcesBuildPhase section */

/* Begin PBXVariantGroup section */
		B5251EC62487F5A900B5D001 /* MainMenu.xib */ = {
			isa = PBXVariantGroup;
			children = (
				B5251EC72487F5A900B5D001 /* Base */,
			);
			name = MainMenu.xib;
			sourceTree = "<group>";
		};
/* End PBXVariantGroup section */

/* Begin XCBuildConfiguration section */
		B5251ECD2487F5A900B5D001 /* Debug */ = {
			isa = XCBuildConfiguration;
			buildSettings = {
				ALWAYS_SEARCH_USER_PATHS = NO;
				CLANG_ANALYZER_NONNULL = YES;
				CLANG_ANALYZER_NUMBER_OBJECT_CONVERSION = YES_AGGRESSIVE;
				CLANG_CXX_LANGUAGE_STANDARD = "gnu++14";
				CLANG_CXX_LIBRARY = "libc++";
				CLANG_ENABLE_MODULES = YES;
				CLANG_ENABLE_OBJC_ARC = YES;
				CLANG_ENABLE_OBJC_WEAK = YES;
				CLANG_WARN_BLOCK_CAPTURE_AUTORELEASING = YES;
				CLANG_WARN_BOOL_CONVERSION = YES;
				CLANG_WARN_COMMA = YES;
				CLANG_WARN_CONSTANT_CONVERSION = YES;
				CLANG_WARN_DEPRECATED_OBJC_IMPLEMENTATIONS = YES;
				CLANG_WARN_DIRECT_OBJC_ISA_USAGE = YES_ERROR;
				CLANG_WARN_DOCUMENTATION_COMMENTS = YES;
				CLANG_WARN_EMPTY_BODY = YES;
				CLANG_WARN_ENUM_CONVERSION = YES;
				CLANG_WARN_INFINITE_RECURSION = YES;
				CLANG_WARN_INT_CONVERSION = YES;
				CLANG_WARN_NON_LITERAL_NULL_CONVERSION = YES;
				CLANG_WARN_OBJC_IMPLICIT_RETAIN_SELF = YES;
				CLANG_WARN_OBJC_LITERAL_CONVERSION = YES;
				CLANG_WARN_OBJC_ROOT_CLASS = YES_ERROR;
				CLANG_WARN_QUOTED_INCLUDE_IN_FRAMEWORK_HEADER = YES;
				CLANG_WARN_RANGE_LOOP_ANALYSIS = YES;
				CLANG_WARN_STRICT_PROTOTYPES = YES;
				CLANG_WARN_SUSPICIOUS_MOVE = YES;
				CLANG_WARN_UNGUARDED_AVAILABILITY = YES_AGGRESSIVE;
				CLANG_WARN_UNREACHABLE_CODE = YES;
				CLANG_WARN__DUPLICATE_METHOD_MATCH = YES;
				COPY_PHASE_STRIP = NO;
				DEBUG_INFORMATION_FORMAT = dwarf;
				ENABLE_STRICT_OBJC_MSGSEND = YES;
				ENABLE_TESTABILITY = YES;
				GCC_C_LANGUAGE_STANDARD = gnu11;
				GCC_DYNAMIC_NO_PIC = NO;
				GCC_NO_COMMON_BLOCKS = YES;
				GCC_OPTIMIZATION_LEVEL = 0;
				GCC_PREPROCESSOR_DEFINITIONS = (
					"DEBUG=1",
					"$(inherited)",
				);
				GCC_WARN_64_TO_32_BIT_CONVERSION = YES;
				GCC_WARN_ABOUT_RETURN_TYPE = YES_ERROR;
				GCC_WARN_UNDECLARED_SELECTOR = YES;
				GCC_WARN_UNINITIALIZED_AUTOS = YES_AGGRESSIVE;
				GCC_WARN_UNUSED_FUNCTION = YES;
				GCC_WARN_UNUSED_VARIABLE = YES;
				MACOSX_DEPLOYMENT_TARGET = 10.14;
				MTL_ENABLE_DEBUG_INFO = INCLUDE_SOURCE;
				MTL_FAST_MATH = YES;
				ONLY_ACTIVE_ARCH = YES;
				SDKROOT = macosx;
			};
			name = Debug;
		};
		B5251ECE2487F5A900B5D001 /* Release */ = {
			isa = XCBuildConfiguration;
			buildSettings = {
				ALWAYS_SEARCH_USER_PATHS = NO;
				CLANG_ANALYZER_NONNULL = YES;
				CLANG_ANALYZER_NUMBER_OBJECT_CONVERSION = YES_AGGRESSIVE;
				CLANG_CXX_LANGUAGE_STANDARD = "gnu++14";
				CLANG_CXX_LIBRARY = "libc++";
				CLANG_ENABLE_MODULES = YES;
				CLANG_ENABLE_OBJC_ARC = YES;
				CLANG_ENABLE_OBJC_WEAK = YES;
				CLANG_WARN_BLOCK_CAPTURE_AUTORELEASING = YES;
				CLANG_WARN_BOOL_CONVERSION = YES;
				CLANG_WARN_COMMA = YES;
				CLANG_WARN_CONSTANT_CONVERSION = YES;
				CLANG_WARN_DEPRECATED_OBJC_IMPLEMENTATIONS = YES;
				CLANG_WARN_DIRECT_OBJC_ISA_USAGE = YES_ERROR;
				CLANG_WARN_DOCUMENTATION_COMMENTS = YES;
				CLANG_WARN_EMPTY_BODY = YES;
				CLANG_WARN_ENUM_CONVERSION = YES;
				CLANG_WARN_INFINITE_RECURSION = YES;
				CLANG_WARN_INT_CONVERSION = YES;
				CLANG_WARN_NON_LITERAL_NULL_CONVERSION = YES;
				CLANG_WARN_OBJC_IMPLICIT_RETAIN_SELF = YES;
				CLANG_WARN_OBJC_LITERAL_CONVERSION = YES;
				CLANG_WARN_OBJC_ROOT_CLASS = YES_ERROR;
				CLANG_WARN_QUOTED_INCLUDE_IN_FRAMEWORK_HEADER = YES;
				CLANG_WARN_RANGE_LOOP_ANALYSIS = YES;
				CLANG_WARN_STRICT_PROTOTYPES = YES;
				CLANG_WARN_SUSPICIOUS_MOVE = YES;
				CLANG_WARN_UNGUARDED_AVAILABILITY = YES_AGGRESSIVE;
				CLANG_WARN_UNREACHABLE_CODE = YES;
				CLANG_WARN__DUPLICATE_METHOD_MATCH = YES;
				COPY_PHASE_STRIP = NO;
				DEBUG_INFORMATION_FORMAT = "dwarf-with-dsym";
				ENABLE_NS_ASSERTIONS = NO;
				ENABLE_STRICT_OBJC_MSGSEND = YES;
				GCC_C_LANGUAGE_STANDARD = gnu11;
				GCC_NO_COMMON_BLOCKS = YES;
				GCC_WARN_64_TO_32_BIT_CONVERSION = YES;
				GCC_WARN_ABOUT_RETURN_TYPE = YES_ERROR;
				GCC_WARN_UNDECLARED_SELECTOR = YES;
				GCC_WARN_UNINITIALIZED_AUTOS = YES_AGGRESSIVE;
				GCC_WARN_UNUSED_FUNCTION = YES;
				GCC_WARN_UNUSED_VARIABLE = YES;
				MACOSX_DEPLOYMENT_TARGET = 10.14;
				MTL_ENABLE_DEBUG_INFO = NO;
				MTL_FAST_MATH = YES;
				SDKROOT = macosx;
			};
			name = Release;
		};
		B5251ED02487F5A900B5D001 /* Debug */ = {
			isa = XCBuildConfiguration;
			buildSettings = {
				ASSETCATALOG_COMPILER_APPICON_NAME = AppIcon;
				CODE_SIGN_ENTITLEMENTS = GLStuffDev/GLStuffDev.entitlements;
				CODE_SIGN_IDENTITY = "-";
				CODE_SIGN_STYLE = Automatic;
				COMBINE_HIDPI_IMAGES = YES;
				GCC_PREPROCESSOR_DEFINITIONS = (
					"DEBUG=1",
					"$(inherited)",
					"GL_SILENCE_DEPRECATION=1",
				);
				HEADER_SEARCH_PATHS = (
					"\"$(SRCROOT)/GLStuffDev/misterheapy\"",
					"\"$(SRCROOT)/GLStuffDev/glm\"",
				);
				INFOPLIST_FILE = GLStuffDev/Info.plist;
				LD_RUNPATH_SEARCH_PATHS = (
					"$(inherited)",
					"@executable_path/../Frameworks",
				);
				PRODUCT_BUNDLE_IDENTIFIER = com.ben.GLStuffDev;
				PRODUCT_NAME = "$(TARGET_NAME)";
			};
			name = Debug;
		};
		B5251ED12487F5A900B5D001 /* Release */ = {
			isa = XCBuildConfiguration;
			buildSettings = {
				ASSETCATALOG_COMPILER_APPICON_NAME = AppIcon;
				CODE_SIGN_ENTITLEMENTS = GLStuffDev/GLStuffDev.entitlements;
				CODE_SIGN_IDENTITY = "-";
				CODE_SIGN_STYLE = Automatic;
				COMBINE_HIDPI_IMAGES = YES;
				HEADER_SEARCH_PATHS = (
					"\"$(SRCROOT)/GLStuffDev/misterheapy\"",
					"\"$(SRCROOT)/GLStuffDev/glm\"",
				);
				INFOPLIST_FILE = GLStuffDev/Info.plist;
				LD_RUNPATH_SEARCH_PATHS = (
					"$(inherited)",
					"@executable_path/../Frameworks",
				);
				PRODUCT_BUNDLE_IDENTIFIER = com.ben.GLStuffDev;
				PRODUCT_NAME = "$(TARGET_NAME)";
			};
			name = Release;
		};
/* End XCBuildConfiguration section */

/* Begin XCConfigurationList section */
		B5251EB92487F5A800B5D001 /* Build configuration list for PBXProject "GLStuffDev" */ = {
			isa = XCConfigurationList;
			buildConfigurations = (
				B5251ECD2487F5A900B5D001 /* Debug */,
				B5251ECE2487F5A900B5D001 /* Release */,
			);
			defaultConfigurationIsVisible = 0;
			defaultConfigurationName = Release;
		};
		B5251ECF2487F5A900B5D001 /* Build configuration list for PBXNativeTarget "GLStuffDev" */ = {
			isa = XCConfigurationList;
			buildConfigurations = (
				B5251ED02487F5A900B5D001 /* Debug */,
				B5251ED12487F5A900B5D001 /* Release */,
			);
			defaultConfigurationIsVisible = 0;
			defaultConfigurationName = Release;
		};
/* End XCConfigurationList section */
	};
	rootObject = B5251EB62487F5A800B5D001 /* Project object */;
}
